// !$*UTF8*$!
{
	archiveVersion = 1;
	classes = {
	};
	objectVersion = 50;
	objects = {

/* Begin PBXBuildFile section */
		15012FFB2309BC7600F5531A /* AppDelegate.swift in Sources */ = {isa = PBXBuildFile; fileRef = 15012FFA2309BC7600F5531A /* AppDelegate.swift */; };
		15012FFD2309BC7600F5531A /* SceneDelegate.swift in Sources */ = {isa = PBXBuildFile; fileRef = 15012FFC2309BC7600F5531A /* SceneDelegate.swift */; };
		15012FFF2309BC7600F5531A /* ViewController.swift in Sources */ = {isa = PBXBuildFile; fileRef = 15012FFE2309BC7600F5531A /* ViewController.swift */; };
		150130022309BC7600F5531A /* Main.storyboard in Resources */ = {isa = PBXBuildFile; fileRef = 150130002309BC7600F5531A /* Main.storyboard */; };
		150130042309BC7700F5531A /* Assets.xcassets in Resources */ = {isa = PBXBuildFile; fileRef = 150130032309BC7700F5531A /* Assets.xcassets */; };
		150130072309BC7700F5531A /* LaunchScreen.storyboard in Resources */ = {isa = PBXBuildFile; fileRef = 150130052309BC7700F5531A /* LaunchScreen.storyboard */; };
		1501301D2309BC7700F5531A /* FizzBuzzUITests.swift in Sources */ = {isa = PBXBuildFile; fileRef = 1501301C2309BC7700F5531A /* FizzBuzzUITests.swift */; };
		1501302B2309C00800F5531A /* BrainTests.swift in Sources */ = {isa = PBXBuildFile; fileRef = 1501302A2309C00800F5531A /* BrainTests.swift */; };
		1501302D2309C1B400F5531A /* Brain.swift in Sources */ = {isa = PBXBuildFile; fileRef = 1501302C2309C1B400F5531A /* Brain.swift */; };
		1501302F2309D1C700F5531A /* GameTests.swift in Sources */ = {isa = PBXBuildFile; fileRef = 1501302E2309D1C700F5531A /* GameTests.swift */; };
		150130312309D1F200F5531A /* Game.swift in Sources */ = {isa = PBXBuildFile; fileRef = 150130302309D1F200F5531A /* Game.swift */; };
		158E73B9230B1D0700F986BD /* ViewControllerTests.swift in Sources */ = {isa = PBXBuildFile; fileRef = 158E73B8230B1D0700F986BD /* ViewControllerTests.swift */; };
/* End PBXBuildFile section */

/* Begin PBXContainerItemProxy section */
		1501300E2309BC7700F5531A /* PBXContainerItemProxy */ = {
			isa = PBXContainerItemProxy;
			containerPortal = 15012FEF2309BC7500F5531A /* Project object */;
			proxyType = 1;
			remoteGlobalIDString = 15012FF62309BC7600F5531A;
			remoteInfo = FizzBuzz;
		};
		150130192309BC7700F5531A /* PBXContainerItemProxy */ = {
			isa = PBXContainerItemProxy;
			containerPortal = 15012FEF2309BC7500F5531A /* Project object */;
			proxyType = 1;
			remoteGlobalIDString = 15012FF62309BC7600F5531A;
			remoteInfo = FizzBuzz;
		};
/* End PBXContainerItemProxy section */

/* Begin PBXFileReference section */
		15012FF72309BC7600F5531A /* FizzBuzz.app */ = {isa = PBXFileReference; explicitFileType = wrapper.application; includeInIndex = 0; path = FizzBuzz.app; sourceTree = BUILT_PRODUCTS_DIR; };
		15012FFA2309BC7600F5531A /* AppDelegate.swift */ = {isa = PBXFileReference; lastKnownFileType = sourcecode.swift; path = AppDelegate.swift; sourceTree = "<group>"; };
		15012FFC2309BC7600F5531A /* SceneDelegate.swift */ = {isa = PBXFileReference; lastKnownFileType = sourcecode.swift; path = SceneDelegate.swift; sourceTree = "<group>"; };
		15012FFE2309BC7600F5531A /* ViewController.swift */ = {isa = PBXFileReference; lastKnownFileType = sourcecode.swift; path = ViewController.swift; sourceTree = "<group>"; };
		150130012309BC7600F5531A /* Base */ = {isa = PBXFileReference; lastKnownFileType = file.storyboard; name = Base; path = Base.lproj/Main.storyboard; sourceTree = "<group>"; };
		150130032309BC7700F5531A /* Assets.xcassets */ = {isa = PBXFileReference; lastKnownFileType = folder.assetcatalog; path = Assets.xcassets; sourceTree = "<group>"; };
		150130062309BC7700F5531A /* Base */ = {isa = PBXFileReference; lastKnownFileType = file.storyboard; name = Base; path = Base.lproj/LaunchScreen.storyboard; sourceTree = "<group>"; };
		150130082309BC7700F5531A /* Info.plist */ = {isa = PBXFileReference; lastKnownFileType = text.plist.xml; path = Info.plist; sourceTree = "<group>"; };
		1501300D2309BC7700F5531A /* FizzBuzzTests.xctest */ = {isa = PBXFileReference; explicitFileType = wrapper.cfbundle; includeInIndex = 0; path = FizzBuzzTests.xctest; sourceTree = BUILT_PRODUCTS_DIR; };
		150130132309BC7700F5531A /* Info.plist */ = {isa = PBXFileReference; lastKnownFileType = text.plist.xml; path = Info.plist; sourceTree = "<group>"; };
		150130182309BC7700F5531A /* FizzBuzzUITests.xctest */ = {isa = PBXFileReference; explicitFileType = wrapper.cfbundle; includeInIndex = 0; path = FizzBuzzUITests.xctest; sourceTree = BUILT_PRODUCTS_DIR; };
		1501301C2309BC7700F5531A /* FizzBuzzUITests.swift */ = {isa = PBXFileReference; lastKnownFileType = sourcecode.swift; path = FizzBuzzUITests.swift; sourceTree = "<group>"; };
		1501301E2309BC7700F5531A /* Info.plist */ = {isa = PBXFileReference; lastKnownFileType = text.plist.xml; path = Info.plist; sourceTree = "<group>"; };
		1501302A2309C00800F5531A /* BrainTests.swift */ = {isa = PBXFileReference; lastKnownFileType = sourcecode.swift; path = BrainTests.swift; sourceTree = "<group>"; };
		1501302C2309C1B400F5531A /* Brain.swift */ = {isa = PBXFileReference; lastKnownFileType = sourcecode.swift; path = Brain.swift; sourceTree = "<group>"; };
		1501302E2309D1C700F5531A /* GameTests.swift */ = {isa = PBXFileReference; lastKnownFileType = sourcecode.swift; path = GameTests.swift; sourceTree = "<group>"; };
		150130302309D1F200F5531A /* Game.swift */ = {isa = PBXFileReference; lastKnownFileType = sourcecode.swift; path = Game.swift; sourceTree = "<group>"; };
		158E73B8230B1D0700F986BD /* ViewControllerTests.swift */ = {isa = PBXFileReference; lastKnownFileType = sourcecode.swift; path = ViewControllerTests.swift; sourceTree = "<group>"; };
/* End PBXFileReference section */

/* Begin PBXFrameworksBuildPhase section */
		15012FF42309BC7600F5531A /* Frameworks */ = {
			isa = PBXFrameworksBuildPhase;
			buildActionMask = 2147483647;
			files = (
			);
			runOnlyForDeploymentPostprocessing = 0;
		};
		1501300A2309BC7700F5531A /* Frameworks */ = {
			isa = PBXFrameworksBuildPhase;
			buildActionMask = 2147483647;
			files = (
			);
			runOnlyForDeploymentPostprocessing = 0;
		};
		150130152309BC7700F5531A /* Frameworks */ = {
			isa = PBXFrameworksBuildPhase;
			buildActionMask = 2147483647;
			files = (
			);
			runOnlyForDeploymentPostprocessing = 0;
		};
/* End PBXFrameworksBuildPhase section */

/* Begin PBXGroup section */
		15012FEE2309BC7500F5531A = {
			isa = PBXGroup;
			children = (
				15012FF92309BC7600F5531A /* FizzBuzz */,
				150130102309BC7700F5531A /* FizzBuzzTests */,
				1501301B2309BC7700F5531A /* FizzBuzzUITests */,
				15012FF82309BC7600F5531A /* Products */,
			);
			sourceTree = "<group>";
		};
		15012FF82309BC7600F5531A /* Products */ = {
			isa = PBXGroup;
			children = (
				15012FF72309BC7600F5531A /* FizzBuzz.app */,
				1501300D2309BC7700F5531A /* FizzBuzzTests.xctest */,
				150130182309BC7700F5531A /* FizzBuzzUITests.xctest */,
			);
			name = Products;
			sourceTree = "<group>";
		};
		15012FF92309BC7600F5531A /* FizzBuzz */ = {
			isa = PBXGroup;
			children = (
				15012FFA2309BC7600F5531A /* AppDelegate.swift */,
				15012FFC2309BC7600F5531A /* SceneDelegate.swift */,
				15012FFE2309BC7600F5531A /* ViewController.swift */,
				158E73B7230B19FA00F986BD /* View */,
				150130032309BC7700F5531A /* Assets.xcassets */,
				150130052309BC7700F5531A /* LaunchScreen.storyboard */,
				150130082309BC7700F5531A /* Info.plist */,
				158E73B6230B121900F986BD /* Model */,
			);
			path = FizzBuzz;
			sourceTree = "<group>";
		};
		150130102309BC7700F5531A /* FizzBuzzTests */ = {
			isa = PBXGroup;
			children = (
				150130132309BC7700F5531A /* Info.plist */,
				1501302A2309C00800F5531A /* BrainTests.swift */,
				1501302E2309D1C700F5531A /* GameTests.swift */,
				158E73B8230B1D0700F986BD /* ViewControllerTests.swift */,
			);
			path = FizzBuzzTests;
			sourceTree = "<group>";
		};
		1501301B2309BC7700F5531A /* FizzBuzzUITests */ = {
			isa = PBXGroup;
			children = (
				1501301C2309BC7700F5531A /* FizzBuzzUITests.swift */,
				1501301E2309BC7700F5531A /* Info.plist */,
			);
			path = FizzBuzzUITests;
			sourceTree = "<group>";
		};
		158E73B6230B121900F986BD /* Model */ = {
			isa = PBXGroup;
			children = (
				1501302C2309C1B400F5531A /* Brain.swift */,
				150130302309D1F200F5531A /* Game.swift */,
			);
			path = Model;
			sourceTree = "<group>";
		};
		158E73B7230B19FA00F986BD /* View */ = {
			isa = PBXGroup;
			children = (
				150130002309BC7600F5531A /* Main.storyboard */,
			);
			path = View;
			sourceTree = "<group>";
		};
/* End PBXGroup section */

/* Begin PBXNativeTarget section */
		15012FF62309BC7600F5531A /* FizzBuzz */ = {
			isa = PBXNativeTarget;
			buildConfigurationList = 150130212309BC7700F5531A /* Build configuration list for PBXNativeTarget "FizzBuzz" */;
			buildPhases = (
				15012FF32309BC7600F5531A /* Sources */,
				15012FF42309BC7600F5531A /* Frameworks */,
				15012FF52309BC7600F5531A /* Resources */,
			);
			buildRules = (
			);
			dependencies = (
			);
			name = FizzBuzz;
			productName = FizzBuzz;
			productReference = 15012FF72309BC7600F5531A /* FizzBuzz.app */;
			productType = "com.apple.product-type.application";
		};
		1501300C2309BC7700F5531A /* FizzBuzzTests */ = {
			isa = PBXNativeTarget;
			buildConfigurationList = 150130242309BC7700F5531A /* Build configuration list for PBXNativeTarget "FizzBuzzTests" */;
			buildPhases = (
				150130092309BC7700F5531A /* Sources */,
				1501300A2309BC7700F5531A /* Frameworks */,
				1501300B2309BC7700F5531A /* Resources */,
			);
			buildRules = (
			);
			dependencies = (
				1501300F2309BC7700F5531A /* PBXTargetDependency */,
			);
			name = FizzBuzzTests;
			productName = FizzBuzzTests;
			productReference = 1501300D2309BC7700F5531A /* FizzBuzzTests.xctest */;
			productType = "com.apple.product-type.bundle.unit-test";
		};
		150130172309BC7700F5531A /* FizzBuzzUITests */ = {
			isa = PBXNativeTarget;
			buildConfigurationList = 150130272309BC7700F5531A /* Build configuration list for PBXNativeTarget "FizzBuzzUITests" */;
			buildPhases = (
				150130142309BC7700F5531A /* Sources */,
				150130152309BC7700F5531A /* Frameworks */,
				150130162309BC7700F5531A /* Resources */,
			);
			buildRules = (
			);
			dependencies = (
				1501301A2309BC7700F5531A /* PBXTargetDependency */,
			);
			name = FizzBuzzUITests;
			productName = FizzBuzzUITests;
			productReference = 150130182309BC7700F5531A /* FizzBuzzUITests.xctest */;
			productType = "com.apple.product-type.bundle.ui-testing";
		};
/* End PBXNativeTarget section */

/* Begin PBXProject section */
		15012FEF2309BC7500F5531A /* Project object */ = {
			isa = PBXProject;
			attributes = {
				LastSwiftUpdateCheck = 1100;
				LastUpgradeCheck = 1100;
				ORGANIZATIONNAME = "Owen Henley";
				TargetAttributes = {
					15012FF62309BC7600F5531A = {
						CreatedOnToolsVersion = 11.0;
					};
					1501300C2309BC7700F5531A = {
						CreatedOnToolsVersion = 11.0;
						LastSwiftMigration = 1100;
						TestTargetID = 15012FF62309BC7600F5531A;
					};
					150130172309BC7700F5531A = {
						CreatedOnToolsVersion = 11.0;
						TestTargetID = 15012FF62309BC7600F5531A;
					};
				};
			};
			buildConfigurationList = 15012FF22309BC7500F5531A /* Build configuration list for PBXProject "FizzBuzz" */;
			compatibilityVersion = "Xcode 9.3";
			developmentRegion = en;
			hasScannedForEncodings = 0;
			knownRegions = (
				en,
				Base,
			);
			mainGroup = 15012FEE2309BC7500F5531A;
			productRefGroup = 15012FF82309BC7600F5531A /* Products */;
			projectDirPath = "";
			projectRoot = "";
			targets = (
				15012FF62309BC7600F5531A /* FizzBuzz */,
				1501300C2309BC7700F5531A /* FizzBuzzTests */,
				150130172309BC7700F5531A /* FizzBuzzUITests */,
			);
		};
/* End PBXProject section */

/* Begin PBXResourcesBuildPhase section */
		15012FF52309BC7600F5531A /* Resources */ = {
			isa = PBXResourcesBuildPhase;
			buildActionMask = 2147483647;
			files = (
				150130072309BC7700F5531A /* LaunchScreen.storyboard in Resources */,
				150130042309BC7700F5531A /* Assets.xcassets in Resources */,
				150130022309BC7600F5531A /* Main.storyboard in Resources */,
			);
			runOnlyForDeploymentPostprocessing = 0;
		};
		1501300B2309BC7700F5531A /* Resources */ = {
			isa = PBXResourcesBuildPhase;
			buildActionMask = 2147483647;
			files = (
			);
			runOnlyForDeploymentPostprocessing = 0;
		};
		150130162309BC7700F5531A /* Resources */ = {
			isa = PBXResourcesBuildPhase;
			buildActionMask = 2147483647;
			files = (
			);
			runOnlyForDeploymentPostprocessing = 0;
		};
/* End PBXResourcesBuildPhase section */

/* Begin PBXSourcesBuildPhase section */
		15012FF32309BC7600F5531A /* Sources */ = {
			isa = PBXSourcesBuildPhase;
			buildActionMask = 2147483647;
			files = (
				15012FFF2309BC7600F5531A /* ViewController.swift in Sources */,
				150130312309D1F200F5531A /* Game.swift in Sources */,
				15012FFB2309BC7600F5531A /* AppDelegate.swift in Sources */,
				1501302D2309C1B400F5531A /* Brain.swift in Sources */,
				15012FFD2309BC7600F5531A /* SceneDelegate.swift in Sources */,
			);
			runOnlyForDeploymentPostprocessing = 0;
		};
		150130092309BC7700F5531A /* Sources */ = {
			isa = PBXSourcesBuildPhase;
			buildActionMask = 2147483647;
			files = (
				158E73B9230B1D0700F986BD /* ViewControllerTests.swift in Sources */,
				1501302B2309C00800F5531A /* BrainTests.swift in Sources */,
				1501302F2309D1C700F5531A /* GameTests.swift in Sources */,
			);
			runOnlyForDeploymentPostprocessing = 0;
		};
		150130142309BC7700F5531A /* Sources */ = {
			isa = PBXSourcesBuildPhase;
			buildActionMask = 2147483647;
			files = (
				1501301D2309BC7700F5531A /* FizzBuzzUITests.swift in Sources */,
			);
			runOnlyForDeploymentPostprocessing = 0;
		};
/* End PBXSourcesBuildPhase section */

/* Begin PBXTargetDependency section */
		1501300F2309BC7700F5531A /* PBXTargetDependency */ = {
			isa = PBXTargetDependency;
			target = 15012FF62309BC7600F5531A /* FizzBuzz */;
			targetProxy = 1501300E2309BC7700F5531A /* PBXContainerItemProxy */;
		};
		1501301A2309BC7700F5531A /* PBXTargetDependency */ = {
			isa = PBXTargetDependency;
			target = 15012FF62309BC7600F5531A /* FizzBuzz */;
			targetProxy = 150130192309BC7700F5531A /* PBXContainerItemProxy */;
		};
/* End PBXTargetDependency section */

/* Begin PBXVariantGroup section */
		150130002309BC7600F5531A /* Main.storyboard */ = {
			isa = PBXVariantGroup;
			children = (
				150130012309BC7600F5531A /* Base */,
			);
			name = Main.storyboard;
			sourceTree = "<group>";
		};
		150130052309BC7700F5531A /* LaunchScreen.storyboard */ = {
			isa = PBXVariantGroup;
			children = (
				150130062309BC7700F5531A /* Base */,
			);
			name = LaunchScreen.storyboard;
			sourceTree = "<group>";
		};
/* End PBXVariantGroup section */

/* Begin XCBuildConfiguration section */
		1501301F2309BC7700F5531A /* Debug */ = {
			isa = XCBuildConfiguration;
			buildSettings = {
				ALWAYS_SEARCH_USER_PATHS = NO;
				CLANG_ANALYZER_NONNULL = YES;
				CLANG_ANALYZER_NUMBER_OBJECT_CONVERSION = YES_AGGRESSIVE;
				CLANG_CXX_LANGUAGE_STANDARD = "gnu++14";
				CLANG_CXX_LIBRARY = "libc++";
				CLANG_ENABLE_MODULES = YES;
				CLANG_ENABLE_OBJC_ARC = YES;
				CLANG_ENABLE_OBJC_WEAK = YES;
				CLANG_WARN_BLOCK_CAPTURE_AUTORELEASING = YES;
				CLANG_WARN_BOOL_CONVERSION = YES;
				CLANG_WARN_COMMA = YES;
				CLANG_WARN_CONSTANT_CONVERSION = YES;
				CLANG_WARN_DEPRECATED_OBJC_IMPLEMENTATIONS = YES;
				CLANG_WARN_DIRECT_OBJC_ISA_USAGE = YES_ERROR;
				CLANG_WARN_DOCUMENTATION_COMMENTS = YES;
				CLANG_WARN_EMPTY_BODY = YES;
				CLANG_WARN_ENUM_CONVERSION = YES;
				CLANG_WARN_INFINITE_RECURSION = YES;
				CLANG_WARN_INT_CONVERSION = YES;
				CLANG_WARN_NON_LITERAL_NULL_CONVERSION = YES;
				CLANG_WARN_OBJC_IMPLICIT_RETAIN_SELF = YES;
				CLANG_WARN_OBJC_LITERAL_CONVERSION = YES;
				CLANG_WARN_OBJC_ROOT_CLASS = YES_ERROR;
				CLANG_WARN_RANGE_LOOP_ANALYSIS = YES;
				CLANG_WARN_STRICT_PROTOTYPES = YES;
				CLANG_WARN_SUSPICIOUS_MOVE = YES;
				CLANG_WARN_UNGUARDED_AVAILABILITY = YES_AGGRESSIVE;
				CLANG_WARN_UNREACHABLE_CODE = YES;
				CLANG_WARN__DUPLICATE_METHOD_MATCH = YES;
				COPY_PHASE_STRIP = NO;
				DEBUG_INFORMATION_FORMAT = dwarf;
				ENABLE_STRICT_OBJC_MSGSEND = YES;
				ENABLE_TESTABILITY = YES;
				GCC_C_LANGUAGE_STANDARD = gnu11;
				GCC_DYNAMIC_NO_PIC = NO;
				GCC_NO_COMMON_BLOCKS = YES;
				GCC_OPTIMIZATION_LEVEL = 0;
				GCC_PREPROCESSOR_DEFINITIONS = (
					"DEBUG=1",
					"$(inherited)",
				);
				GCC_WARN_64_TO_32_BIT_CONVERSION = YES;
				GCC_WARN_ABOUT_RETURN_TYPE = YES_ERROR;
				GCC_WARN_UNDECLARED_SELECTOR = YES;
				GCC_WARN_UNINITIALIZED_AUTOS = YES_AGGRESSIVE;
				GCC_WARN_UNUSED_FUNCTION = YES;
				GCC_WARN_UNUSED_VARIABLE = YES;
				IPHONEOS_DEPLOYMENT_TARGET = 13.0;
				MTL_ENABLE_DEBUG_INFO = INCLUDE_SOURCE;
				MTL_FAST_MATH = YES;
				ONLY_ACTIVE_ARCH = YES;
				SDKROOT = iphoneos;
				SWIFT_ACTIVE_COMPILATION_CONDITIONS = DEBUG;
				SWIFT_OPTIMIZATION_LEVEL = "-Onone";
			};
			name = Debug;
		};
		150130202309BC7700F5531A /* Release */ = {
			isa = XCBuildConfiguration;
			buildSettings = {
				ALWAYS_SEARCH_USER_PATHS = NO;
				CLANG_ANALYZER_NONNULL = YES;
				CLANG_ANALYZER_NUMBER_OBJECT_CONVERSION = YES_AGGRESSIVE;
				CLANG_CXX_LANGUAGE_STANDARD = "gnu++14";
				CLANG_CXX_LIBRARY = "libc++";
				CLANG_ENABLE_MODULES = YES;
				CLANG_ENABLE_OBJC_ARC = YES;
				CLANG_ENABLE_OBJC_WEAK = YES;
				CLANG_WARN_BLOCK_CAPTURE_AUTORELEASING = YES;
				CLANG_WARN_BOOL_CONVERSION = YES;
				CLANG_WARN_COMMA = YES;
				CLANG_WARN_CONSTANT_CONVERSION = YES;
				CLANG_WARN_DEPRECATED_OBJC_IMPLEMENTATIONS = YES;
				CLANG_WARN_DIRECT_OBJC_ISA_USAGE = YES_ERROR;
				CLANG_WARN_DOCUMENTATION_COMMENTS = YES;
				CLANG_WARN_EMPTY_BODY = YES;
				CLANG_WARN_ENUM_CONVERSION = YES;
				CLANG_WARN_INFINITE_RECURSION = YES;
				CLANG_WARN_INT_CONVERSION = YES;
				CLANG_WARN_NON_LITERAL_NULL_CONVERSION = YES;
				CLANG_WARN_OBJC_IMPLICIT_RETAIN_SELF = YES;
				CLANG_WARN_OBJC_LITERAL_CONVERSION = YES;
				CLANG_WARN_OBJC_ROOT_CLASS = YES_ERROR;
				CLANG_WARN_RANGE_LOOP_ANALYSIS = YES;
				CLANG_WARN_STRICT_PROTOTYPES = YES;
				CLANG_WARN_SUSPICIOUS_MOVE = YES;
				CLANG_WARN_UNGUARDED_AVAILABILITY = YES_AGGRESSIVE;
				CLANG_WARN_UNREACHABLE_CODE = YES;
				CLANG_WARN__DUPLICATE_METHOD_MATCH = YES;
				COPY_PHASE_STRIP = NO;
				DEBUG_INFORMATION_FORMAT = "dwarf-with-dsym";
				ENABLE_NS_ASSERTIONS = NO;
				ENABLE_STRICT_OBJC_MSGSEND = YES;
				GCC_C_LANGUAGE_STANDARD = gnu11;
				GCC_NO_COMMON_BLOCKS = YES;
				GCC_WARN_64_TO_32_BIT_CONVERSION = YES;
				GCC_WARN_ABOUT_RETURN_TYPE = YES_ERROR;
				GCC_WARN_UNDECLARED_SELECTOR = YES;
				GCC_WARN_UNINITIALIZED_AUTOS = YES_AGGRESSIVE;
				GCC_WARN_UNUSED_FUNCTION = YES;
				GCC_WARN_UNUSED_VARIABLE = YES;
				IPHONEOS_DEPLOYMENT_TARGET = 13.0;
				MTL_ENABLE_DEBUG_INFO = NO;
				MTL_FAST_MATH = YES;
				SDKROOT = iphoneos;
				SWIFT_COMPILATION_MODE = wholemodule;
				SWIFT_OPTIMIZATION_LEVEL = "-O";
				VALIDATE_PRODUCT = YES;
			};
			name = Release;
		};
		150130222309BC7700F5531A /* Debug */ = {
			isa = XCBuildConfiguration;
			buildSettings = {
				ASSETCATALOG_COMPILER_APPICON_NAME = AppIcon;
				CODE_SIGN_STYLE = Automatic;
				DEVELOPMENT_TEAM = CYZA2EE6W8;
				INFOPLIST_FILE = FizzBuzz/Info.plist;
				LD_RUNPATH_SEARCH_PATHS = (
					"$(inherited)",
					"@executable_path/Frameworks",
				);
				PRODUCT_BUNDLE_IDENTIFIER = io.owenhenley.FizzBuzz;
				PRODUCT_NAME = "$(TARGET_NAME)";
				SWIFT_VERSION = 5.0;
				TARGETED_DEVICE_FAMILY = "1,2";
			};
			name = Debug;
		};
		150130232309BC7700F5531A /* Release */ = {
			isa = XCBuildConfiguration;
			buildSettings = {
				ASSETCATALOG_COMPILER_APPICON_NAME = AppIcon;
				CODE_SIGN_STYLE = Automatic;
				DEVELOPMENT_TEAM = CYZA2EE6W8;
				INFOPLIST_FILE = FizzBuzz/Info.plist;
				LD_RUNPATH_SEARCH_PATHS = (
					"$(inherited)",
					"@executable_path/Frameworks",
				);
				PRODUCT_BUNDLE_IDENTIFIER = io.owenhenley.FizzBuzz;
				PRODUCT_NAME = "$(TARGET_NAME)";
				SWIFT_VERSION = 5.0;
				TARGETED_DEVICE_FAMILY = "1,2";
			};
			name = Release;
		};
		150130252309BC7700F5531A /* Debug */ = {
			isa = XCBuildConfiguration;
			buildSettings = {
				ALWAYS_EMBED_SWIFT_STANDARD_LIBRARIES = YES;
				BUNDLE_LOADER = "$(TEST_HOST)";
				CLANG_ENABLE_MODULES = YES;
				CODE_SIGN_STYLE = Automatic;
				DEVELOPMENT_TEAM = CYZA2EE6W8;
				INFOPLIST_FILE = FizzBuzzTests/Info.plist;
				LD_RUNPATH_SEARCH_PATHS = (
					"$(inherited)",
					"@executable_path/Frameworks",
					"@loader_path/Frameworks",
				);
				PRODUCT_BUNDLE_IDENTIFIER = io.owenhenley.FizzBuzzTests;
				PRODUCT_NAME = "$(TARGET_NAME)";
				SWIFT_OPTIMIZATION_LEVEL = "-Onone";
				SWIFT_VERSION = 5.0;
				TARGETED_DEVICE_FAMILY = "1,2";
				TEST_HOST = "$(BUILT_PRODUCTS_DIR)/FizzBuzz.app/FizzBuzz";
			};
			name = Debug;
		};
		150130262309BC7700F5531A /* Release */ = {
			isa = XCBuildConfiguration;
			buildSettings = {
				ALWAYS_EMBED_SWIFT_STANDARD_LIBRARIES = YES;
				BUNDLE_LOADER = "$(TEST_HOST)";
				CLANG_ENABLE_MODULES = YES;
				CODE_SIGN_STYLE = Automatic;
				DEVELOPMENT_TEAM = CYZA2EE6W8;
				INFOPLIST_FILE = FizzBuzzTests/Info.plist;
				LD_RUNPATH_SEARCH_PATHS = (
					"$(inherited)",
					"@executable_path/Frameworks",
					"@loader_path/Frameworks",
				);
				PRODUCT_BUNDLE_IDENTIFIER = io.owenhenley.FizzBuzzTests;
				PRODUCT_NAME = "$(TARGET_NAME)";
				SWIFT_VERSION = 5.0;
				TARGETED_DEVICE_FAMILY = "1,2";
				TEST_HOST = "$(BUILT_PRODUCTS_DIR)/FizzBuzz.app/FizzBuzz";
			};
			name = Release;
		};
		150130282309BC7700F5531A /* Debug */ = {
			isa = XCBuildConfiguration;
			buildSettings = {
				ALWAYS_EMBED_SWIFT_STANDARD_LIBRARIES = YES;
				CODE_SIGN_STYLE = Automatic;
				DEVELOPMENT_TEAM = CYZA2EE6W8;
				INFOPLIST_FILE = FizzBuzzUITests/Info.plist;
				LD_RUNPATH_SEARCH_PATHS = (
					"$(inherited)",
					"@executable_path/Frameworks",
					"@loader_path/Frameworks",
				);
				PRODUCT_BUNDLE_IDENTIFIER = io.owenhenley.FizzBuzzUITests;
				PRODUCT_NAME = "$(TARGET_NAME)";
				SWIFT_VERSION = 5.0;
				TARGETED_DEVICE_FAMILY = "1,2";
				TEST_TARGET_NAME = FizzBuzz;
			};
			name = Debug;
		};
		150130292309BC7700F5531A /* Release */ = {
			isa = XCBuildConfiguration;
			buildSettings = {
				ALWAYS_EMBED_SWIFT_STANDARD_LIBRARIES = YES;
				CODE_SIGN_STYLE = Automatic;
				DEVELOPMENT_TEAM = CYZA2EE6W8;
				INFOPLIST_FILE = FizzBuzzUITests/Info.plist;
				LD_RUNPATH_SEARCH_PATHS = (
					"$(inherited)",
					"@executable_path/Frameworks",
					"@loader_path/Frameworks",
				);
				PRODUCT_BUNDLE_IDENTIFIER = io.owenhenley.FizzBuzzUITests;
				PRODUCT_NAME = "$(TARGET_NAME)";
				SWIFT_VERSION = 5.0;
				TARGETED_DEVICE_FAMILY = "1,2";
				TEST_TARGET_NAME = FizzBuzz;
			};
			name = Release;
		};
/* End XCBuildConfiguration section */

/* Begin XCConfigurationList section */
		15012FF22309BC7500F5531A /* Build configuration list for PBXProject "FizzBuzz" */ = {
			isa = XCConfigurationList;
			buildConfigurations = (
				1501301F2309BC7700F5531A /* Debug */,
				150130202309BC7700F5531A /* Release */,
			);
			defaultConfigurationIsVisible = 0;
			defaultConfigurationName = Release;
		};
		150130212309BC7700F5531A /* Build configuration list for PBXNativeTarget "FizzBuzz" */ = {
			isa = XCConfigurationList;
			buildConfigurations = (
				150130222309BC7700F5531A /* Debug */,
				150130232309BC7700F5531A /* Release */,
			);
			defaultConfigurationIsVisible = 0;
			defaultConfigurationName = Release;
		};
		150130242309BC7700F5531A /* Build configuration list for PBXNativeTarget "FizzBuzzTests" */ = {
			isa = XCConfigurationList;
			buildConfigurations = (
				150130252309BC7700F5531A /* Debug */,
				150130262309BC7700F5531A /* Release */,
			);
			defaultConfigurationIsVisible = 0;
			defaultConfigurationName = Release;
		};
		150130272309BC7700F5531A /* Build configuration list for PBXNativeTarget "FizzBuzzUITests" */ = {
			isa = XCConfigurationList;
			buildConfigurations = (
				150130282309BC7700F5531A /* Debug */,
				150130292309BC7700F5531A /* Release */,
			);
			defaultConfigurationIsVisible = 0;
			defaultConfigurationName = Release;
		};
/* End XCConfigurationList section */
	};
	rootObject = 15012FEF2309BC7500F5531A /* Project object */;
}
